
Microsoft Visual Studio Solution File, Format Version 12.00
# Visual Studio Version 17
VisualStudioVersion = 17.8.34330.188
MinimumVisualStudioVersion = 10.0.40219.1
Project("{FAE04EC0-301F-11D3-BF4B-00C04F79EFBC}") = "DataPlaneAdmin", "DataPlaneAdmin\DataPlaneAdmin.csproj", "{F4F8889F-11E5-4CF5-BC5A-92A68A7AD4BE}"
EndProject
Project("{FAE04EC0-301F-11D3-BF4B-00C04F79EFBC}") = "TestDataPlaneAdmin", "TestDataPlaneAdmin\TestDataPlaneAdmin.csproj", "{2629FBC7-1074-4E04-8AD4-7BA8677D3853}"
EndProject
Global
	GlobalSection(SolutionConfigurationPlatforms) = preSolution
		Debug|Any CPU = Debug|Any CPU
		Release|Any CPU = Release|Any CPU
	EndGlobalSection
	GlobalSection(ProjectConfigurationPlatforms) = postSolution
		{F4F8889F-11E5-4CF5-BC5A-92A68A7AD4BE}.Debug|Any CPU.ActiveCfg = Debug|Any CPU
		{F4F8889F-11E5-4CF5-BC5A-92A68A7AD4BE}.Debug|Any CPU.Build.0 = Debug|Any CPU
		{F4F8889F-11E5-4CF5-BC5A-92A68A7AD4BE}.Release|Any CPU.ActiveCfg = Release|Any CPU
		{F4F8889F-11E5-4CF5-BC5A-92A68A7AD4BE}.Release|Any CPU.Build.0 = Release|Any CPU
		{2629FBC7-1074-4E04-8AD4-7BA8677D3853}.Debug|Any CPU.ActiveCfg = Debug|Any CPU
		{2629FBC7-1074-4E04-8AD4-7BA8677D3853}.Debug|Any CPU.Build.0 = Debug|Any CPU
		{2629FBC7-1074-4E04-8AD4-7BA8677D3853}.Release|Any CPU.ActiveCfg = Release|Any CPU
		{2629FBC7-1074-4E04-8AD4-7BA8677D3853}.Release|Any CPU.Build.0 = Release|Any CPU
	EndGlobalSection
	GlobalSection(SolutionProperties) = preSolution
		HideSolutionNode = FALSE
	EndGlobalSection
	GlobalSection(ExtensibilityGlobals) = postSolution
		SolutionGuid = {075BC770-79E5-496C-9ED1-C67AB58502DB}
	EndGlobalSection
EndGlobal
